{
  "requires": true,
  "lockfileVersion": 1,
  "dependencies": {
    "tocbot": {
      "version": "4.12.0",
      "resolved": "https://registry.npmjs.org/tocbot/-/tocbot-4.12.0.tgz",
      "integrity": "sha512-THn/RJCRsbo1fgCP0fWHJwkk1K9mQFfYUX5rJdoJMQ7twkVX7zjNJZOjHmrpDzFd6nTPkXpQNsZUniCgdCwFLg=="
    }
  }
}
